Microsoft Visual Studio Solution File, Format Version 12.00
# Visual Studio Version 17
VisualStudioVersion = 17.5.2.0
MinimumVisualStudioVersion = 10.0.40219.1
Project("{FAE04EC0-301F-11D3-BF4B-00C04F79EFBC}") = "design-patterns-app", "design-patterns-app\design-patterns-app.csproj", "{1DA46779-AC9E-56E7-CBF3-AB5B0EDED61E}"
EndProject
Global
	GlobalSection(SolutionConfigurationPlatforms) = preSolution
		Debug|Any CPU = Debug|Any CPU
		Release|Any CPU = Release|Any CPU
	EndGlobalSection
	GlobalSection(ProjectConfigurationPlatforms) = postSolution
		{1DA46779-AC9E-56E7-CBF3-AB5B0EDED61E}.Debug|Any CPU.ActiveCfg = Debug|Any CPU
		{1DA46779-AC9E-56E7-CBF3-AB5B0EDED61E}.Debug|Any CPU.Build.0 = Debug|Any CPU
		{1DA46779-AC9E-56E7-CBF3-AB5B0EDED61E}.Release|Any CPU.ActiveCfg = Release|Any CPU
		{1DA46779-AC9E-56E7-CBF3-AB5B0EDED61E}.Release|Any CPU.Build.0 = Release|Any CPU
	EndGlobalSection
	GlobalSection(SolutionProperties) = preSolution
		HideSolutionNode = FALSE
	EndGlobalSection
	GlobalSection(ExtensibilityGlobals) = postSolution
		SolutionGuid = {2C84454C-07BD-4C81-A88F-102A6F83C2B9}
	EndGlobalSection
EndGlobal
